
Microsoft Visual Studio Solution File, Format Version 12.00
# Visual Studio 15
VisualStudioVersion = 15.0.27428.2005
MinimumVisualStudioVersion = 10.0.40219.1
Project("{FAE04EC0-301F-11D3-BF4B-00C04F79EFBC}") = "CCGThumbnailHandler", "CgifThumbnailHandler\CCGThumbnailHandler.csproj", "{74281B36-D183-4937-A362-EFEA6E0A88C2}"
EndProject
Project("{2150E333-8FDC-42A3-9474-1A3956D46DE8}") = ".nuget", ".nuget", "{134A460A-6170-42EF-A25B-735669D14029}"
	ProjectSection(SolutionItems) = preProject
		.nuget\NuGet.Config = .nuget\NuGet.Config
		.nuget\NuGet.exe = .nuget\NuGet.exe
		.nuget\NuGet.targets = .nuget\NuGet.targets
	EndProjectSection
EndProject
Global
	GlobalSection(SolutionConfigurationPlatforms) = preSolution
		Debug|Any CPU = Debug|Any CPU
		Release|Any CPU = Release|Any CPU
	EndGlobalSection
	GlobalSection(ProjectConfigurationPlatforms) = postSolution
		{74281B36-D183-4937-A362-EFEA6E0A88C2}.Debug|Any CPU.ActiveCfg = Debug|Any CPU
		{74281B36-D183-4937-A362-EFEA6E0A88C2}.Debug|Any CPU.Build.0 = Debug|Any CPU
		{74281B36-D183-4937-A362-EFEA6E0A88C2}.Release|Any CPU.ActiveCfg = Release|Any CPU
		{74281B36-D183-4937-A362-EFEA6E0A88C2}.Release|Any CPU.Build.0 = Release|Any CPU
	EndGlobalSection
	GlobalSection(SolutionProperties) = preSolution
		HideSolutionNode = FALSE
	EndGlobalSection
	GlobalSection(ExtensibilityGlobals) = postSolution
		SolutionGuid = {0812B444-73E1-4012-9DD7-1D3FEDDE7EAC}
	EndGlobalSection
EndGlobal
